
Microsoft Visual Studio Solution File, Format Version 12.00
Project("{FAE04EC0-301F-11D3-BF4B-00C04F79EFBC}") = "dotnetcementrefs-integration-tests", "dotnetcementrefs-integration-tests\dotnetcementrefs-integration-tests.csproj", "{5C4C4E66-0018-4CE6-9845-579F7DDDC060}"
EndProject
Project("{FAE04EC0-301F-11D3-BF4B-00C04F79EFBC}") = "dotnetcementrefs", "..\..\dotnetcementrefs\dotnetcementrefs.csproj", "{26278C68-D7AF-4037-BF9D-D8751EE659D4}"
EndProject
Global
	GlobalSection(SolutionConfigurationPlatforms) = preSolution
		Debug|Any CPU = Debug|Any CPU
		Release|Any CPU = Release|Any CPU
	EndGlobalSection
	GlobalSection(ProjectConfigurationPlatforms) = postSolution
		{5C4C4E66-0018-4CE6-9845-579F7DDDC060}.Debug|Any CPU.ActiveCfg = Debug|Any CPU
		{5C4C4E66-0018-4CE6-9845-579F7DDDC060}.Debug|Any CPU.Build.0 = Debug|Any CPU
		{5C4C4E66-0018-4CE6-9845-579F7DDDC060}.Release|Any CPU.ActiveCfg = Release|Any CPU
		{5C4C4E66-0018-4CE6-9845-579F7DDDC060}.Release|Any CPU.Build.0 = Release|Any CPU
		{26278C68-D7AF-4037-BF9D-D8751EE659D4}.Debug|Any CPU.ActiveCfg = Debug|Any CPU
		{26278C68-D7AF-4037-BF9D-D8751EE659D4}.Debug|Any CPU.Build.0 = Debug|Any CPU
		{26278C68-D7AF-4037-BF9D-D8751EE659D4}.Release|Any CPU.ActiveCfg = Release|Any CPU
		{26278C68-D7AF-4037-BF9D-D8751EE659D4}.Release|Any CPU.Build.0 = Release|Any CPU
	EndGlobalSection
EndGlobal
