
Microsoft Visual Studio Solution File, Format Version 12.00
# Visual Studio 14
VisualStudioVersion = 14.0.25420.1
MinimumVisualStudioVersion = 10.0.40219.1
Project("{FAE04EC0-301F-11D3-BF4B-00C04F79EFBC}") = "{{ProjectName}}", "{{ProjectName}}\{{ProjectName}}.csproj", "{BC5E7EFF-D5C5-40C1-8AC0-42C98F2BF047}"
EndProject
Project("{FAE04EC0-301F-11D3-BF4B-00C04F79EFBC}") = "{{ProjectName}}.Tests", "{{ProjectName}}.Tests\{{ProjectName}}.Tests.csproj", "{2C0CAEA8-6223-4FC6-B765-8709E0422A51}"
EndProject
Global
	GlobalSection(SolutionConfigurationPlatforms) = preSolution
		Debug|Any CPU = Debug|Any CPU
		NoTests|Any CPU = NoTests|Any CPU
		Release|Any CPU = Release|Any CPU
	EndGlobalSection
	GlobalSection(ProjectConfigurationPlatforms) = postSolution
		{BC5E7EFF-D5C5-40C1-8AC0-42C98F2BF047}.Debug|Any CPU.ActiveCfg = Debug|Any CPU
		{BC5E7EFF-D5C5-40C1-8AC0-42C98F2BF047}.Debug|Any CPU.Build.0 = Debug|Any CPU
		{BC5E7EFF-D5C5-40C1-8AC0-42C98F2BF047}.NoTests|Any CPU.ActiveCfg = Release|Any CPU
		{BC5E7EFF-D5C5-40C1-8AC0-42C98F2BF047}.NoTests|Any CPU.Build.0 = Release|Any CPU
		{BC5E7EFF-D5C5-40C1-8AC0-42C98F2BF047}.Release|Any CPU.ActiveCfg = Release|Any CPU
		{BC5E7EFF-D5C5-40C1-8AC0-42C98F2BF047}.Release|Any CPU.Build.0 = Release|Any CPU
		{2C0CAEA8-6223-4FC6-B765-8709E0422A51}.Debug|Any CPU.ActiveCfg = Debug|Any CPU
		{2C0CAEA8-6223-4FC6-B765-8709E0422A51}.Debug|Any CPU.Build.0 = Debug|Any CPU
		{2C0CAEA8-6223-4FC6-B765-8709E0422A51}.NoTests|Any CPU.ActiveCfg = Release|Any CPU
		{2C0CAEA8-6223-4FC6-B765-8709E0422A51}.Release|Any CPU.ActiveCfg = Release|Any CPU
		{2C0CAEA8-6223-4FC6-B765-8709E0422A51}.Release|Any CPU.Build.0 = Release|Any CPU
	EndGlobalSection
	GlobalSection(SolutionProperties) = preSolution
		HideSolutionNode = FALSE
	EndGlobalSection
EndGlobal
